
Microsoft Visual Studio Solution File, Format Version 12.00
# Visual Studio Version 16
VisualStudioVersion = 16.0.32228.343
MinimumVisualStudioVersion = 10.0.40219.1
Project("{FAE04EC0-301F-11D3-BF4B-00C04F79EFBC}") = "Task-2", "Task-2\Task-2.csproj", "{ED83F7EA-9E67-4C03-A914-F500E0A3149C}"
EndProject
Global
	GlobalSection(SolutionConfigurationPlatforms) = preSolution
		Debug|Any CPU = Debug|Any CPU
		Release|Any CPU = Release|Any CPU
	EndGlobalSection
	GlobalSection(ProjectConfigurationPlatforms) = postSolution
		{ED83F7EA-9E67-4C03-A914-F500E0A3149C}.Debug|Any CPU.ActiveCfg = Debug|Any CPU
		{ED83F7EA-9E67-4C03-A914-F500E0A3149C}.Debug|Any CPU.Build.0 = Debug|Any CPU
		{ED83F7EA-9E67-4C03-A914-F500E0A3149C}.Release|Any CPU.ActiveCfg = Release|Any CPU
		{ED83F7EA-9E67-4C03-A914-F500E0A3149C}.Release|Any CPU.Build.0 = Release|Any CPU
	EndGlobalSection
	GlobalSection(SolutionProperties) = preSolution
		HideSolutionNode = FALSE
	EndGlobalSection
	GlobalSection(ExtensibilityGlobals) = postSolution
		SolutionGuid = {3773053B-0837-4668-BDBB-1FEC8F3A548A}
	EndGlobalSection
EndGlobal
